
Microsoft Visual Studio Solution File, Format Version 12.00
# Visual Studio Version 17
VisualStudioVersion = 17.0.31919.166
MinimumVisualStudioVersion = 10.0.40219.1
Project("{FAE04EC0-301F-11D3-BF4B-00C04F79EFBC}") = "34_Smiley", "34_Smiley\34_Smiley.csproj", "{74173200-F432-4F8F-959F-0C37C9EB790A}"
EndProject
Global
	GlobalSection(SolutionConfigurationPlatforms) = preSolution
		Debug|Any CPU = Debug|Any CPU
		Release|Any CPU = Release|Any CPU
	EndGlobalSection
	GlobalSection(ProjectConfigurationPlatforms) = postSolution
		{74173200-F432-4F8F-959F-0C37C9EB790A}.Debug|Any CPU.ActiveCfg = Debug|Any CPU
		{74173200-F432-4F8F-959F-0C37C9EB790A}.Debug|Any CPU.Build.0 = Debug|Any CPU
		{74173200-F432-4F8F-959F-0C37C9EB790A}.Release|Any CPU.ActiveCfg = Release|Any CPU
		{74173200-F432-4F8F-959F-0C37C9EB790A}.Release|Any CPU.Build.0 = Release|Any CPU
	EndGlobalSection
	GlobalSection(SolutionProperties) = preSolution
		HideSolutionNode = FALSE
	EndGlobalSection
	GlobalSection(ExtensibilityGlobals) = postSolution
		SolutionGuid = {A12A0E61-8921-494B-A6E5-F2E5C1CA7A7C}
	EndGlobalSection
EndGlobal
