
Microsoft Visual Studio Solution File, Format Version 12.00
# Visual Studio Version 17
VisualStudioVersion = 17.0.31919.166
MinimumVisualStudioVersion = 10.0.40219.1
Project("{FAE04EC0-301F-11D3-BF4B-00C04F79EFBC}") = "33_Gym", "33_Gym\33_Gym.csproj", "{485F60D6-0DFC-4165-A15D-5350639EC7CE}"
EndProject
Global
	GlobalSection(SolutionConfigurationPlatforms) = preSolution
		Debug|Any CPU = Debug|Any CPU
		Release|Any CPU = Release|Any CPU
	EndGlobalSection
	GlobalSection(ProjectConfigurationPlatforms) = postSolution
		{485F60D6-0DFC-4165-A15D-5350639EC7CE}.Debug|Any CPU.ActiveCfg = Debug|Any CPU
		{485F60D6-0DFC-4165-A15D-5350639EC7CE}.Debug|Any CPU.Build.0 = Debug|Any CPU
		{485F60D6-0DFC-4165-A15D-5350639EC7CE}.Release|Any CPU.ActiveCfg = Release|Any CPU
		{485F60D6-0DFC-4165-A15D-5350639EC7CE}.Release|Any CPU.Build.0 = Release|Any CPU
	EndGlobalSection
	GlobalSection(SolutionProperties) = preSolution
		HideSolutionNode = FALSE
	EndGlobalSection
	GlobalSection(ExtensibilityGlobals) = postSolution
		SolutionGuid = {AA7FE97E-8124-4E3E-818E-D6386B17C3DD}
	EndGlobalSection
EndGlobal
