
Microsoft Visual Studio Solution File, Format Version 12.00
# Visual Studio Version 16
VisualStudioVersion = 16.0.31911.196
MinimumVisualStudioVersion = 10.0.40219.1
Project("{FAE04EC0-301F-11D3-BF4B-00C04F79EFBC}") = "07_Resize", "07_Resize\07_Resize.csproj", "{DC7F2480-CC42-4CA4-A4F8-CAD2280C036C}"
EndProject
Global
	GlobalSection(SolutionConfigurationPlatforms) = preSolution
		Debug|Any CPU = Debug|Any CPU
		Release|Any CPU = Release|Any CPU
	EndGlobalSection
	GlobalSection(ProjectConfigurationPlatforms) = postSolution
		{DC7F2480-CC42-4CA4-A4F8-CAD2280C036C}.Debug|Any CPU.ActiveCfg = Debug|Any CPU
		{DC7F2480-CC42-4CA4-A4F8-CAD2280C036C}.Debug|Any CPU.Build.0 = Debug|Any CPU
		{DC7F2480-CC42-4CA4-A4F8-CAD2280C036C}.Release|Any CPU.ActiveCfg = Release|Any CPU
		{DC7F2480-CC42-4CA4-A4F8-CAD2280C036C}.Release|Any CPU.Build.0 = Release|Any CPU
	EndGlobalSection
	GlobalSection(SolutionProperties) = preSolution
		HideSolutionNode = FALSE
	EndGlobalSection
	GlobalSection(ExtensibilityGlobals) = postSolution
		SolutionGuid = {D6454F3A-38C5-45CD-BFB0-D8DECE3843B2}
	EndGlobalSection
EndGlobal
