
Microsoft Visual Studio Solution File, Format Version 12.00
# Visual Studio Version 17
VisualStudioVersion = 17.0.31919.166
MinimumVisualStudioVersion = 10.0.40219.1
Project("{FAE04EC0-301F-11D3-BF4B-00C04F79EFBC}") = "Types", "Types\Types.csproj", "{C1FBCA5E-EA62-4B4F-B91E-1D2B44DB1D56}"
EndProject
Global
	GlobalSection(SolutionConfigurationPlatforms) = preSolution
		Debug|Any CPU = Debug|Any CPU
		Release|Any CPU = Release|Any CPU
	EndGlobalSection
	GlobalSection(ProjectConfigurationPlatforms) = postSolution
		{C1FBCA5E-EA62-4B4F-B91E-1D2B44DB1D56}.Debug|Any CPU.ActiveCfg = Debug|Any CPU
		{C1FBCA5E-EA62-4B4F-B91E-1D2B44DB1D56}.Debug|Any CPU.Build.0 = Debug|Any CPU
		{C1FBCA5E-EA62-4B4F-B91E-1D2B44DB1D56}.Release|Any CPU.ActiveCfg = Release|Any CPU
		{C1FBCA5E-EA62-4B4F-B91E-1D2B44DB1D56}.Release|Any CPU.Build.0 = Release|Any CPU
	EndGlobalSection
	GlobalSection(SolutionProperties) = preSolution
		HideSolutionNode = FALSE
	EndGlobalSection
	GlobalSection(ExtensibilityGlobals) = postSolution
		SolutionGuid = {A2086C88-A9B2-4B58-ADF6-9E9ACC18A386}
	EndGlobalSection
EndGlobal
