
Microsoft Visual Studio Solution File, Format Version 12.00
# Visual Studio 15
VisualStudioVersion = 15.0.28307.1738
MinimumVisualStudioVersion = 10.0.40219.1
Project("{FAE04EC0-301F-11D3-BF4B-00C04F79EFBC}") = "04_LabelReArrange", "04_LabelReArrange\04_LabelReArrange.csproj", "{58A517D4-8A1D-413B-A7DD-C919FB5D8EAF}"
EndProject
Global
	GlobalSection(SolutionConfigurationPlatforms) = preSolution
		Debug|Any CPU = Debug|Any CPU
		Release|Any CPU = Release|Any CPU
	EndGlobalSection
	GlobalSection(ProjectConfigurationPlatforms) = postSolution
		{58A517D4-8A1D-413B-A7DD-C919FB5D8EAF}.Debug|Any CPU.ActiveCfg = Debug|Any CPU
		{58A517D4-8A1D-413B-A7DD-C919FB5D8EAF}.Debug|Any CPU.Build.0 = Debug|Any CPU
		{58A517D4-8A1D-413B-A7DD-C919FB5D8EAF}.Release|Any CPU.ActiveCfg = Release|Any CPU
		{58A517D4-8A1D-413B-A7DD-C919FB5D8EAF}.Release|Any CPU.Build.0 = Release|Any CPU
	EndGlobalSection
	GlobalSection(SolutionProperties) = preSolution
		HideSolutionNode = FALSE
	EndGlobalSection
	GlobalSection(ExtensibilityGlobals) = postSolution
		SolutionGuid = {53DC465A-81D9-4AE7-89CE-A996ABEDE367}
	EndGlobalSection
EndGlobal
