
Microsoft Visual Studio Solution File, Format Version 12.00
# Visual Studio Version 17
VisualStudioVersion = 17.0.31919.166
MinimumVisualStudioVersion = 10.0.40219.1
Project("{FAE04EC0-301F-11D3-BF4B-00C04F79EFBC}") = "37_EarthImgList", "37_EarthImgList\37_EarthImgList.csproj", "{3F7C7EBE-88B4-4C31-84C4-746C43C9E1FC}"
EndProject
Global
	GlobalSection(SolutionConfigurationPlatforms) = preSolution
		Debug|Any CPU = Debug|Any CPU
		Release|Any CPU = Release|Any CPU
	EndGlobalSection
	GlobalSection(ProjectConfigurationPlatforms) = postSolution
		{3F7C7EBE-88B4-4C31-84C4-746C43C9E1FC}.Debug|Any CPU.ActiveCfg = Debug|Any CPU
		{3F7C7EBE-88B4-4C31-84C4-746C43C9E1FC}.Debug|Any CPU.Build.0 = Debug|Any CPU
		{3F7C7EBE-88B4-4C31-84C4-746C43C9E1FC}.Release|Any CPU.ActiveCfg = Release|Any CPU
		{3F7C7EBE-88B4-4C31-84C4-746C43C9E1FC}.Release|Any CPU.Build.0 = Release|Any CPU
	EndGlobalSection
	GlobalSection(SolutionProperties) = preSolution
		HideSolutionNode = FALSE
	EndGlobalSection
	GlobalSection(ExtensibilityGlobals) = postSolution
		SolutionGuid = {929DC88B-2DCA-4F9D-B6CB-FE29EBE612CC}
	EndGlobalSection
EndGlobal
