
Microsoft Visual Studio Solution File, Format Version 12.00
# Visual Studio 15
VisualStudioVersion = 15.0.28307.1738
MinimumVisualStudioVersion = 10.0.40219.1
Project("{FAE04EC0-301F-11D3-BF4B-00C04F79EFBC}") = "01_Frame", "01_Frame\01_Frame.csproj", "{3EED9949-F5F3-4A98-8A7D-76265278D39A}"
EndProject
Global
	GlobalSection(SolutionConfigurationPlatforms) = preSolution
		Debug|Any CPU = Debug|Any CPU
		Release|Any CPU = Release|Any CPU
	EndGlobalSection
	GlobalSection(ProjectConfigurationPlatforms) = postSolution
		{3EED9949-F5F3-4A98-8A7D-76265278D39A}.Debug|Any CPU.ActiveCfg = Debug|Any CPU
		{3EED9949-F5F3-4A98-8A7D-76265278D39A}.Debug|Any CPU.Build.0 = Debug|Any CPU
		{3EED9949-F5F3-4A98-8A7D-76265278D39A}.Release|Any CPU.ActiveCfg = Release|Any CPU
		{3EED9949-F5F3-4A98-8A7D-76265278D39A}.Release|Any CPU.Build.0 = Release|Any CPU
	EndGlobalSection
	GlobalSection(SolutionProperties) = preSolution
		HideSolutionNode = FALSE
	EndGlobalSection
	GlobalSection(ExtensibilityGlobals) = postSolution
		SolutionGuid = {83E50EDD-2FB9-42B0-88BF-87AEC8578188}
	EndGlobalSection
EndGlobal
