
Microsoft Visual Studio Solution File, Format Version 12.00
# Visual Studio Version 17
VisualStudioVersion = 17.0.31919.166
MinimumVisualStudioVersion = 10.0.40219.1
Project("{FAE04EC0-301F-11D3-BF4B-00C04F79EFBC}") = "30_Ad", "30_Ad\30_Ad.csproj", "{F45ED429-52D6-4328-840E-251AEC629AE4}"
EndProject
Global
	GlobalSection(SolutionConfigurationPlatforms) = preSolution
		Debug|Any CPU = Debug|Any CPU
		Release|Any CPU = Release|Any CPU
	EndGlobalSection
	GlobalSection(ProjectConfigurationPlatforms) = postSolution
		{F45ED429-52D6-4328-840E-251AEC629AE4}.Debug|Any CPU.ActiveCfg = Debug|Any CPU
		{F45ED429-52D6-4328-840E-251AEC629AE4}.Debug|Any CPU.Build.0 = Debug|Any CPU
		{F45ED429-52D6-4328-840E-251AEC629AE4}.Release|Any CPU.ActiveCfg = Release|Any CPU
		{F45ED429-52D6-4328-840E-251AEC629AE4}.Release|Any CPU.Build.0 = Release|Any CPU
	EndGlobalSection
	GlobalSection(SolutionProperties) = preSolution
		HideSolutionNode = FALSE
	EndGlobalSection
	GlobalSection(ExtensibilityGlobals) = postSolution
		SolutionGuid = {7A4AE3AB-D79A-4386-94E8-3DBA9C8C554B}
	EndGlobalSection
EndGlobal
