
Microsoft Visual Studio Solution File, Format Version 12.00
# Visual Studio Version 17
VisualStudioVersion = 17.0.31919.166
MinimumVisualStudioVersion = 10.0.40219.1
Project("{FAE04EC0-301F-11D3-BF4B-00C04F79EFBC}") = "36_LabelRuntime", "36_LabelRuntime\36_LabelRuntime.csproj", "{21F02584-1AEA-425B-927F-CE3A3C967AB5}"
EndProject
Global
	GlobalSection(SolutionConfigurationPlatforms) = preSolution
		Debug|Any CPU = Debug|Any CPU
		Release|Any CPU = Release|Any CPU
	EndGlobalSection
	GlobalSection(ProjectConfigurationPlatforms) = postSolution
		{21F02584-1AEA-425B-927F-CE3A3C967AB5}.Debug|Any CPU.ActiveCfg = Debug|Any CPU
		{21F02584-1AEA-425B-927F-CE3A3C967AB5}.Debug|Any CPU.Build.0 = Debug|Any CPU
		{21F02584-1AEA-425B-927F-CE3A3C967AB5}.Release|Any CPU.ActiveCfg = Release|Any CPU
		{21F02584-1AEA-425B-927F-CE3A3C967AB5}.Release|Any CPU.Build.0 = Release|Any CPU
	EndGlobalSection
	GlobalSection(SolutionProperties) = preSolution
		HideSolutionNode = FALSE
	EndGlobalSection
	GlobalSection(ExtensibilityGlobals) = postSolution
		SolutionGuid = {17C43A13-BA09-4A7F-92D6-F7B663839180}
	EndGlobalSection
EndGlobal
