
Microsoft Visual Studio Solution File, Format Version 12.00
# Visual Studio Version 17
VisualStudioVersion = 17.0.31919.166
MinimumVisualStudioVersion = 10.0.40219.1
Project("{FAE04EC0-301F-11D3-BF4B-00C04F79EFBC}") = "45_MatrixBoxes", "45_MatrixBoxes\45_MatrixBoxes.csproj", "{BD330FF5-275A-4681-BA38-74817EB66A9D}"
EndProject
Global
	GlobalSection(SolutionConfigurationPlatforms) = preSolution
		Debug|Any CPU = Debug|Any CPU
		Release|Any CPU = Release|Any CPU
	EndGlobalSection
	GlobalSection(ProjectConfigurationPlatforms) = postSolution
		{BD330FF5-275A-4681-BA38-74817EB66A9D}.Debug|Any CPU.ActiveCfg = Debug|Any CPU
		{BD330FF5-275A-4681-BA38-74817EB66A9D}.Debug|Any CPU.Build.0 = Debug|Any CPU
		{BD330FF5-275A-4681-BA38-74817EB66A9D}.Release|Any CPU.ActiveCfg = Release|Any CPU
		{BD330FF5-275A-4681-BA38-74817EB66A9D}.Release|Any CPU.Build.0 = Release|Any CPU
	EndGlobalSection
	GlobalSection(SolutionProperties) = preSolution
		HideSolutionNode = FALSE
	EndGlobalSection
	GlobalSection(ExtensibilityGlobals) = postSolution
		SolutionGuid = {1FC0E830-363F-4730-AF7B-9572D609A494}
	EndGlobalSection
EndGlobal
