
Microsoft Visual Studio Solution File, Format Version 12.00
# Visual Studio 15
VisualStudioVersion = 15.0.28307.1738
MinimumVisualStudioVersion = 10.0.40219.1
Project("{FAE04EC0-301F-11D3-BF4B-00C04F79EFBC}") = "05_VisibleUnvisible", "05_VisibleUnvisible\05_VisibleUnvisible.csproj", "{56041478-88C0-4575-9E6A-E275B44EC20B}"
EndProject
Global
	GlobalSection(SolutionConfigurationPlatforms) = preSolution
		Debug|Any CPU = Debug|Any CPU
		Release|Any CPU = Release|Any CPU
	EndGlobalSection
	GlobalSection(ProjectConfigurationPlatforms) = postSolution
		{56041478-88C0-4575-9E6A-E275B44EC20B}.Debug|Any CPU.ActiveCfg = Debug|Any CPU
		{56041478-88C0-4575-9E6A-E275B44EC20B}.Debug|Any CPU.Build.0 = Debug|Any CPU
		{56041478-88C0-4575-9E6A-E275B44EC20B}.Release|Any CPU.ActiveCfg = Release|Any CPU
		{56041478-88C0-4575-9E6A-E275B44EC20B}.Release|Any CPU.Build.0 = Release|Any CPU
	EndGlobalSection
	GlobalSection(SolutionProperties) = preSolution
		HideSolutionNode = FALSE
	EndGlobalSection
	GlobalSection(ExtensibilityGlobals) = postSolution
		SolutionGuid = {F43688EB-DBDD-4696-A2B9-A3B10AFEEBC3}
	EndGlobalSection
EndGlobal
