
Microsoft Visual Studio Solution File, Format Version 12.00
# Visual Studio Version 17
VisualStudioVersion = 17.0.31919.166
MinimumVisualStudioVersion = 10.0.40219.1
Project("{FAE04EC0-301F-11D3-BF4B-00C04F79EFBC}") = "25_Logic", "25_Logic\25_Logic.csproj", "{3C98C322-BC82-4F2D-B9BF-E6ED82FA6B37}"
EndProject
Global
	GlobalSection(SolutionConfigurationPlatforms) = preSolution
		Debug|Any CPU = Debug|Any CPU
		Release|Any CPU = Release|Any CPU
	EndGlobalSection
	GlobalSection(ProjectConfigurationPlatforms) = postSolution
		{3C98C322-BC82-4F2D-B9BF-E6ED82FA6B37}.Debug|Any CPU.ActiveCfg = Debug|Any CPU
		{3C98C322-BC82-4F2D-B9BF-E6ED82FA6B37}.Debug|Any CPU.Build.0 = Debug|Any CPU
		{3C98C322-BC82-4F2D-B9BF-E6ED82FA6B37}.Release|Any CPU.ActiveCfg = Release|Any CPU
		{3C98C322-BC82-4F2D-B9BF-E6ED82FA6B37}.Release|Any CPU.Build.0 = Release|Any CPU
	EndGlobalSection
	GlobalSection(SolutionProperties) = preSolution
		HideSolutionNode = FALSE
	EndGlobalSection
	GlobalSection(ExtensibilityGlobals) = postSolution
		SolutionGuid = {8EA6FF08-6070-417B-9D45-F17C3A3F4377}
	EndGlobalSection
EndGlobal
