
Microsoft Visual Studio Solution File, Format Version 12.00
# Visual Studio Version 17
VisualStudioVersion = 17.0.31919.166
MinimumVisualStudioVersion = 10.0.40219.1
Project("{FAE04EC0-301F-11D3-BF4B-00C04F79EFBC}") = "19_CircleRadioGroup", "19_CircleRadioGroup\19_CircleRadioGroup.csproj", "{8BC8987C-B139-4755-A729-B3798B49A461}"
EndProject
Global
	GlobalSection(SolutionConfigurationPlatforms) = preSolution
		Debug|Any CPU = Debug|Any CPU
		Release|Any CPU = Release|Any CPU
	EndGlobalSection
	GlobalSection(ProjectConfigurationPlatforms) = postSolution
		{8BC8987C-B139-4755-A729-B3798B49A461}.Debug|Any CPU.ActiveCfg = Debug|Any CPU
		{8BC8987C-B139-4755-A729-B3798B49A461}.Debug|Any CPU.Build.0 = Debug|Any CPU
		{8BC8987C-B139-4755-A729-B3798B49A461}.Release|Any CPU.ActiveCfg = Release|Any CPU
		{8BC8987C-B139-4755-A729-B3798B49A461}.Release|Any CPU.Build.0 = Release|Any CPU
	EndGlobalSection
	GlobalSection(SolutionProperties) = preSolution
		HideSolutionNode = FALSE
	EndGlobalSection
	GlobalSection(ExtensibilityGlobals) = postSolution
		SolutionGuid = {58741A55-50BE-4CCC-828C-10FEAB9EEABB}
	EndGlobalSection
EndGlobal
