
Microsoft Visual Studio Solution File, Format Version 12.00
# Visual Studio Version 17
VisualStudioVersion = 17.0.31919.166
MinimumVisualStudioVersion = 10.0.40219.1
Project("{FAE04EC0-301F-11D3-BF4B-00C04F79EFBC}") = "38_ButtonGenerate", "38_ButtonGenerate\38_ButtonGenerate.csproj", "{FC66BB6C-07AF-4EAD-9D10-64882D218656}"
EndProject
Global
	GlobalSection(SolutionConfigurationPlatforms) = preSolution
		Debug|Any CPU = Debug|Any CPU
		Release|Any CPU = Release|Any CPU
	EndGlobalSection
	GlobalSection(ProjectConfigurationPlatforms) = postSolution
		{FC66BB6C-07AF-4EAD-9D10-64882D218656}.Debug|Any CPU.ActiveCfg = Debug|Any CPU
		{FC66BB6C-07AF-4EAD-9D10-64882D218656}.Debug|Any CPU.Build.0 = Debug|Any CPU
		{FC66BB6C-07AF-4EAD-9D10-64882D218656}.Release|Any CPU.ActiveCfg = Release|Any CPU
		{FC66BB6C-07AF-4EAD-9D10-64882D218656}.Release|Any CPU.Build.0 = Release|Any CPU
	EndGlobalSection
	GlobalSection(SolutionProperties) = preSolution
		HideSolutionNode = FALSE
	EndGlobalSection
	GlobalSection(ExtensibilityGlobals) = postSolution
		SolutionGuid = {8A64D0B5-4538-4F5F-A002-64709FB24BE8}
	EndGlobalSection
EndGlobal
