
Microsoft Visual Studio Solution File, Format Version 12.00
# Visual Studio 15
VisualStudioVersion = 15.0.28307.1738
MinimumVisualStudioVersion = 10.0.40219.1
Project("{FAE04EC0-301F-11D3-BF4B-00C04F79EFBC}") = "06_CursorPosition", "06_CursorPosition\06_CursorPosition.csproj", "{D460A9E5-22FC-45CD-B5F7-FF71373396D4}"
EndProject
Global
	GlobalSection(SolutionConfigurationPlatforms) = preSolution
		Debug|Any CPU = Debug|Any CPU
		Release|Any CPU = Release|Any CPU
	EndGlobalSection
	GlobalSection(ProjectConfigurationPlatforms) = postSolution
		{D460A9E5-22FC-45CD-B5F7-FF71373396D4}.Debug|Any CPU.ActiveCfg = Debug|Any CPU
		{D460A9E5-22FC-45CD-B5F7-FF71373396D4}.Debug|Any CPU.Build.0 = Debug|Any CPU
		{D460A9E5-22FC-45CD-B5F7-FF71373396D4}.Release|Any CPU.ActiveCfg = Release|Any CPU
		{D460A9E5-22FC-45CD-B5F7-FF71373396D4}.Release|Any CPU.Build.0 = Release|Any CPU
	EndGlobalSection
	GlobalSection(SolutionProperties) = preSolution
		HideSolutionNode = FALSE
	EndGlobalSection
	GlobalSection(ExtensibilityGlobals) = postSolution
		SolutionGuid = {78DA1A52-E466-48BD-ACB4-A44FE6FA82A6}
	EndGlobalSection
EndGlobal
