
Microsoft Visual Studio Solution File, Format Version 12.00
# Visual Studio Version 17
VisualStudioVersion = 17.0.31919.166
MinimumVisualStudioVersion = 10.0.40219.1
Project("{FAE04EC0-301F-11D3-BF4B-00C04F79EFBC}") = "SPANzer", "SPANzer\SPANzer.csproj", "{D33E6370-8B99-4333-B21C-A0EC3A3F2052}"
EndProject
Global
	GlobalSection(SolutionConfigurationPlatforms) = preSolution
		Debug|Any CPU = Debug|Any CPU
		Debug|x64 = Debug|x64
		Release|Any CPU = Release|Any CPU
		Release|x64 = Release|x64
	EndGlobalSection
	GlobalSection(ProjectConfigurationPlatforms) = postSolution
		{D33E6370-8B99-4333-B21C-A0EC3A3F2052}.Debug|Any CPU.ActiveCfg = Debug|Any CPU
		{D33E6370-8B99-4333-B21C-A0EC3A3F2052}.Debug|Any CPU.Build.0 = Debug|Any CPU
		{D33E6370-8B99-4333-B21C-A0EC3A3F2052}.Debug|x64.ActiveCfg = Debug|Any CPU
		{D33E6370-8B99-4333-B21C-A0EC3A3F2052}.Debug|x64.Build.0 = Debug|Any CPU
		{D33E6370-8B99-4333-B21C-A0EC3A3F2052}.Release|Any CPU.ActiveCfg = Release|Any CPU
		{D33E6370-8B99-4333-B21C-A0EC3A3F2052}.Release|Any CPU.Build.0 = Release|Any CPU
		{D33E6370-8B99-4333-B21C-A0EC3A3F2052}.Release|x64.ActiveCfg = Release|x64
		{D33E6370-8B99-4333-B21C-A0EC3A3F2052}.Release|x64.Build.0 = Release|x64
	EndGlobalSection
	GlobalSection(SolutionProperties) = preSolution
		HideSolutionNode = FALSE
	EndGlobalSection
	GlobalSection(ExtensibilityGlobals) = postSolution
		SolutionGuid = {B52B096F-354A-4859-BC4E-691D3A53089E}
	EndGlobalSection
EndGlobal
