
Microsoft Visual Studio Solution File, Format Version 12.00
# Visual Studio Version 16
VisualStudioVersion = 16.0.31911.196
MinimumVisualStudioVersion = 10.0.40219.1
Project("{FAE04EC0-301F-11D3-BF4B-00C04F79EFBC}") = "09_RollingDice", "09_RollingDice\09_RollingDice.csproj", "{492CD28E-3024-493C-9B6A-69910884F7D9}"
EndProject
Global
	GlobalSection(SolutionConfigurationPlatforms) = preSolution
		Debug|Any CPU = Debug|Any CPU
		Release|Any CPU = Release|Any CPU
	EndGlobalSection
	GlobalSection(ProjectConfigurationPlatforms) = postSolution
		{492CD28E-3024-493C-9B6A-69910884F7D9}.Debug|Any CPU.ActiveCfg = Debug|Any CPU
		{492CD28E-3024-493C-9B6A-69910884F7D9}.Debug|Any CPU.Build.0 = Debug|Any CPU
		{492CD28E-3024-493C-9B6A-69910884F7D9}.Release|Any CPU.ActiveCfg = Release|Any CPU
		{492CD28E-3024-493C-9B6A-69910884F7D9}.Release|Any CPU.Build.0 = Release|Any CPU
	EndGlobalSection
	GlobalSection(SolutionProperties) = preSolution
		HideSolutionNode = FALSE
	EndGlobalSection
	GlobalSection(ExtensibilityGlobals) = postSolution
		SolutionGuid = {8431DE83-3D47-4F17-912A-AD740ED7002C}
	EndGlobalSection
EndGlobal
